
Microsoft Visual Studio Solution File, Format Version 12.00
# Visual Studio Version 16
VisualStudioVersion = 16.0.30330.147
MinimumVisualStudioVersion = 10.0.40219.1
Project("{FAE04EC0-301F-11D3-BF4B-00C04F79EFBC}") = "yilanOyunu", "yilanOyunu\yilanOyunu.csproj", "{A165E2AF-3BAC-4E7B-A626-19E3AD4BAE53}"
EndProject
Global
	GlobalSection(SolutionConfigurationPlatforms) = preSolution
		Debug|Any CPU = Debug|Any CPU
		Release|Any CPU = Release|Any CPU
	EndGlobalSection
	GlobalSection(ProjectConfigurationPlatforms) = postSolution
		{A165E2AF-3BAC-4E7B-A626-19E3AD4BAE53}.Debug|Any CPU.ActiveCfg = Debug|Any CPU
		{A165E2AF-3BAC-4E7B-A626-19E3AD4BAE53}.Debug|Any CPU.Build.0 = Debug|Any CPU
		{A165E2AF-3BAC-4E7B-A626-19E3AD4BAE53}.Release|Any CPU.ActiveCfg = Release|Any CPU
		{A165E2AF-3BAC-4E7B-A626-19E3AD4BAE53}.Release|Any CPU.Build.0 = Release|Any CPU
	EndGlobalSection
	GlobalSection(SolutionProperties) = preSolution
		HideSolutionNode = FALSE
	EndGlobalSection
	GlobalSection(ExtensibilityGlobals) = postSolution
		SolutionGuid = {D478C5F7-70C2-4173-8619-52144DECE384}
	EndGlobalSection
EndGlobal
